// !$*UTF8*$!
{
	archiveVersion = 1;
	classes = {
	};
	objectVersion = 50;
	objects = {

/* Begin PBXBuildFile section */
		D29CB91E2187739A00B9E617 /* AppDelegate.swift in Sources */ = {isa = PBXBuildFile; fileRef = D29CB91D2187739A00B9E617 /* AppDelegate.swift */; };
		D29CB9202187739A00B9E617 /* ViewController.swift in Sources */ = {isa = PBXBuildFile; fileRef = D29CB91F2187739A00B9E617 /* ViewController.swift */; };
		D29CB9232187739A00B9E617 /* Main.storyboard in Resources */ = {isa = PBXBuildFile; fileRef = D29CB9212187739A00B9E617 /* Main.storyboard */; };
		D29CB9252187739B00B9E617 /* Assets.xcassets in Resources */ = {isa = PBXBuildFile; fileRef = D29CB9242187739B00B9E617 /* Assets.xcassets */; };
		D29CB9282187739B00B9E617 /* LaunchScreen.storyboard in Resources */ = {isa = PBXBuildFile; fileRef = D29CB9262187739B00B9E617 /* LaunchScreen.storyboard */; };
		D29CB9482187789A00B9E617 /* Icon-App-20x20@1x.png in Resources */ = {isa = PBXBuildFile; fileRef = D29CB9312187789800B9E617 /* Icon-App-20x20@1x.png */; };
		D29CB9492187789A00B9E617 /* Icon-App-40x40@3x.png in Resources */ = {isa = PBXBuildFile; fileRef = D29CB9322187789800B9E617 /* Icon-App-40x40@3x.png */; };
		D29CB94A2187789A00B9E617 /* Icon-App-20x20@2x.png in Resources */ = {isa = PBXBuildFile; fileRef = D29CB9332187789800B9E617 /* Icon-App-20x20@2x.png */; };
		D29CB94B2187789A00B9E617 /* Icon-App-76x76@2x.png in Resources */ = {isa = PBXBuildFile; fileRef = D29CB9342187789800B9E617 /* Icon-App-76x76@2x.png */; };
		D29CB94C2187789A00B9E617 /* Icon-App-76x76@3x.png in Resources */ = {isa = PBXBuildFile; fileRef = D29CB9352187789800B9E617 /* Icon-App-76x76@3x.png */; };
		D29CB94D2187789A00B9E617 /* Icon-App-20x20@3x.png in Resources */ = {isa = PBXBuildFile; fileRef = D29CB9362187789800B9E617 /* Icon-App-20x20@3x.png */; };
		D29CB94E2187789A00B9E617 /* Icon-Small-50x50@2x.png in Resources */ = {isa = PBXBuildFile; fileRef = D29CB9372187789800B9E617 /* Icon-Small-50x50@2x.png */; };
		D29CB94F2187789A00B9E617 /* Icon-App-72x72@1x.png in Resources */ = {isa = PBXBuildFile; fileRef = D29CB9382187789900B9E617 /* Icon-App-72x72@1x.png */; };
		D29CB9502187789A00B9E617 /* Icon-App-60x60@1x.png in Resources */ = {isa = PBXBuildFile; fileRef = D29CB9392187789900B9E617 /* Icon-App-60x60@1x.png */; };
		D29CB9512187789A00B9E617 /* ItunesArtwork@2x.png in Resources */ = {isa = PBXBuildFile; fileRef = D29CB93A2187789900B9E617 /* ItunesArtwork@2x.png */; };
		D29CB9522187789A00B9E617 /* Icon-App-40x40@1x.png in Resources */ = {isa = PBXBuildFile; fileRef = D29CB93B2187789900B9E617 /* Icon-App-40x40@1x.png */; };
		D29CB9532187789A00B9E617 /* Icon-Small-50x50@1x.png in Resources */ = {isa = PBXBuildFile; fileRef = D29CB93C2187789900B9E617 /* Icon-Small-50x50@1x.png */; };
		D29CB9542187789A00B9E617 /* Icon-App-40x40@2x.png in Resources */ = {isa = PBXBuildFile; fileRef = D29CB93D2187789900B9E617 /* Icon-App-40x40@2x.png */; };
		D29CB9552187789A00B9E617 /* Icon-App-76x76@1x.png in Resources */ = {isa = PBXBuildFile; fileRef = D29CB93E2187789900B9E617 /* Icon-App-76x76@1x.png */; };
		D29CB9562187789A00B9E617 /* Icon-App-29x29@1x.png in Resources */ = {isa = PBXBuildFile; fileRef = D29CB93F2187789900B9E617 /* Icon-App-29x29@1x.png */; };
		D29CB9572187789A00B9E617 /* Icon-App-60x60@2x.png in Resources */ = {isa = PBXBuildFile; fileRef = D29CB9402187789900B9E617 /* Icon-App-60x60@2x.png */; };
		D29CB9582187789A00B9E617 /* Icon-App-29x29@3x.png in Resources */ = {isa = PBXBuildFile; fileRef = D29CB9412187789900B9E617 /* Icon-App-29x29@3x.png */; };
		D29CB9592187789A00B9E617 /* Icon-App-72x72@2x.png in Resources */ = {isa = PBXBuildFile; fileRef = D29CB9422187789900B9E617 /* Icon-App-72x72@2x.png */; };
		D29CB95A2187789A00B9E617 /* Icon-App-60x60@3x.png in Resources */ = {isa = PBXBuildFile; fileRef = D29CB9432187789A00B9E617 /* Icon-App-60x60@3x.png */; };
		D29CB95B2187789A00B9E617 /* Icon-App-83.5x83.5@2x.png in Resources */ = {isa = PBXBuildFile; fileRef = D29CB9442187789A00B9E617 /* Icon-App-83.5x83.5@2x.png */; };
		D29CB95C2187789A00B9E617 /* Icon-App-57x57@1x.png in Resources */ = {isa = PBXBuildFile; fileRef = D29CB9452187789A00B9E617 /* Icon-App-57x57@1x.png */; };
		D29CB95D2187789A00B9E617 /* Icon-App-57x57@2x.png in Resources */ = {isa = PBXBuildFile; fileRef = D29CB9462187789A00B9E617 /* Icon-App-57x57@2x.png */; };
		D29CB95E2187789A00B9E617 /* Icon-App-29x29@2x.png in Resources */ = {isa = PBXBuildFile; fileRef = D29CB9472187789A00B9E617 /* Icon-App-29x29@2x.png */; };
		D29CB96021877C2200B9E617 /* hat.png in Resources */ = {isa = PBXBuildFile; fileRef = D29CB95F21877C2200B9E617 /* hat.png */; };
		D29CB96421877CC400B9E617 /* Product.swift in Sources */ = {isa = PBXBuildFile; fileRef = D29CB96321877CC400B9E617 /* Product.swift */; };
		D29CB96921877D4E00B9E617 /* ProductCell.swift in Sources */ = {isa = PBXBuildFile; fileRef = D29CB96821877D4E00B9E617 /* ProductCell.swift */; };
		D29CB96D218780E200B9E617 /* AlertService.swift in Sources */ = {isa = PBXBuildFile; fileRef = D29CB96C218780E200B9E617 /* AlertService.swift */; };
/* End PBXBuildFile section */

/* Begin PBXFileReference section */
		D29CB91A2187739A00B9E617 /* PushNotification_Firebase.app */ = {isa = PBXFileReference; explicitFileType = wrapper.application; includeInIndex = 0; path = PushNotification_Firebase.app; sourceTree = BUILT_PRODUCTS_DIR; };
		D29CB91D2187739A00B9E617 /* AppDelegate.swift */ = {isa = PBXFileReference; lastKnownFileType = sourcecode.swift; path = AppDelegate.swift; sourceTree = "<group>"; };
		D29CB91F2187739A00B9E617 /* ViewController.swift */ = {isa = PBXFileReference; lastKnownFileType = sourcecode.swift; path = ViewController.swift; sourceTree = "<group>"; };
		D29CB9222187739A00B9E617 /* Base */ = {isa = PBXFileReference; lastKnownFileType = file.storyboard; name = Base; path = Base.lproj/Main.storyboard; sourceTree = "<group>"; };
		D29CB9242187739B00B9E617 /* Assets.xcassets */ = {isa = PBXFileReference; lastKnownFileType = folder.assetcatalog; path = Assets.xcassets; sourceTree = "<group>"; };
		D29CB9272187739B00B9E617 /* Base */ = {isa = PBXFileReference; lastKnownFileType = file.storyboard; name = Base; path = Base.lproj/LaunchScreen.storyboard; sourceTree = "<group>"; };
		D29CB9292187739B00B9E617 /* Info.plist */ = {isa = PBXFileReference; lastKnownFileType = text.plist.xml; path = Info.plist; sourceTree = "<group>"; };
		D29CB9312187789800B9E617 /* Icon-App-20x20@1x.png */ = {isa = PBXFileReference; lastKnownFileType = image.png; path = "Icon-App-20x20@1x.png"; sourceTree = "<group>"; };
		D29CB9322187789800B9E617 /* Icon-App-40x40@3x.png */ = {isa = PBXFileReference; lastKnownFileType = image.png; path = "Icon-App-40x40@3x.png"; sourceTree = "<group>"; };
		D29CB9332187789800B9E617 /* Icon-App-20x20@2x.png */ = {isa = PBXFileReference; lastKnownFileType = image.png; path = "Icon-App-20x20@2x.png"; sourceTree = "<group>"; };
		D29CB9342187789800B9E617 /* Icon-App-76x76@2x.png */ = {isa = PBXFileReference; lastKnownFileType = image.png; path = "Icon-App-76x76@2x.png"; sourceTree = "<group>"; };
		D29CB9352187789800B9E617 /* Icon-App-76x76@3x.png */ = {isa = PBXFileReference; lastKnownFileType = image.png; path = "Icon-App-76x76@3x.png"; sourceTree = "<group>"; };
		D29CB9362187789800B9E617 /* Icon-App-20x20@3x.png */ = {isa = PBXFileReference; lastKnownFileType = image.png; path = "Icon-App-20x20@3x.png"; sourceTree = "<group>"; };
		D29CB9372187789800B9E617 /* Icon-Small-50x50@2x.png */ = {isa = PBXFileReference; lastKnownFileType = image.png; path = "Icon-Small-50x50@2x.png"; sourceTree = "<group>"; };
		D29CB9382187789900B9E617 /* Icon-App-72x72@1x.png */ = {isa = PBXFileReference; lastKnownFileType = image.png; path = "Icon-App-72x72@1x.png"; sourceTree = "<group>"; };
		D29CB9392187789900B9E617 /* Icon-App-60x60@1x.png */ = {isa = PBXFileReference; lastKnownFileType = image.png; path = "Icon-App-60x60@1x.png"; sourceTree = "<group>"; };
		D29CB93A2187789900B9E617 /* ItunesArtwork@2x.png */ = {isa = PBXFileReference; lastKnownFileType = image.png; path = "ItunesArtwork@2x.png"; sourceTree = "<group>"; };
		D29CB93B2187789900B9E617 /* Icon-App-40x40@1x.png */ = {isa = PBXFileReference; lastKnownFileType = image.png; path = "Icon-App-40x40@1x.png"; sourceTree = "<group>"; };
		D29CB93C2187789900B9E617 /* Icon-Small-50x50@1x.png */ = {isa = PBXFileReference; lastKnownFileType = image.png; path = "Icon-Small-50x50@1x.png"; sourceTree = "<group>"; };
		D29CB93D2187789900B9E617 /* Icon-App-40x40@2x.png */ = {isa = PBXFileReference; lastKnownFileType = image.png; path = "Icon-App-40x40@2x.png"; sourceTree = "<group>"; };
		D29CB93E2187789900B9E617 /* Icon-App-76x76@1x.png */ = {isa = PBXFileReference; lastKnownFileType = image.png; path = "Icon-App-76x76@1x.png"; sourceTree = "<group>"; };
		D29CB93F2187789900B9E617 /* Icon-App-29x29@1x.png */ = {isa = PBXFileReference; lastKnownFileType = image.png; path = "Icon-App-29x29@1x.png"; sourceTree = "<group>"; };
		D29CB9402187789900B9E617 /* Icon-App-60x60@2x.png */ = {isa = PBXFileReference; lastKnownFileType = image.png; path = "Icon-App-60x60@2x.png"; sourceTree = "<group>"; };
		D29CB9412187789900B9E617 /* Icon-App-29x29@3x.png */ = {isa = PBXFileReference; lastKnownFileType = image.png; path = "Icon-App-29x29@3x.png"; sourceTree = "<group>"; };
		D29CB9422187789900B9E617 /* Icon-App-72x72@2x.png */ = {isa = PBXFileReference; lastKnownFileType = image.png; path = "Icon-App-72x72@2x.png"; sourceTree = "<group>"; };
		D29CB9432187789A00B9E617 /* Icon-App-60x60@3x.png */ = {isa = PBXFileReference; lastKnownFileType = image.png; path = "Icon-App-60x60@3x.png"; sourceTree = "<group>"; };
		D29CB9442187789A00B9E617 /* Icon-App-83.5x83.5@2x.png */ = {isa = PBXFileReference; lastKnownFileType = image.png; path = "Icon-App-83.5x83.5@2x.png"; sourceTree = "<group>"; };
		D29CB9452187789A00B9E617 /* Icon-App-57x57@1x.png */ = {isa = PBXFileReference; lastKnownFileType = image.png; path = "Icon-App-57x57@1x.png"; sourceTree = "<group>"; };
		D29CB9462187789A00B9E617 /* Icon-App-57x57@2x.png */ = {isa = PBXFileReference; lastKnownFileType = image.png; path = "Icon-App-57x57@2x.png"; sourceTree = "<group>"; };
		D29CB9472187789A00B9E617 /* Icon-App-29x29@2x.png */ = {isa = PBXFileReference; lastKnownFileType = image.png; path = "Icon-App-29x29@2x.png"; sourceTree = "<group>"; };
		D29CB95F21877C2200B9E617 /* hat.png */ = {isa = PBXFileReference; lastKnownFileType = image.png; path = hat.png; sourceTree = "<group>"; };
		D29CB96321877CC400B9E617 /* Product.swift */ = {isa = PBXFileReference; lastKnownFileType = sourcecode.swift; path = Product.swift; sourceTree = "<group>"; };
		D29CB96821877D4E00B9E617 /* ProductCell.swift */ = {isa = PBXFileReference; lastKnownFileType = sourcecode.swift; path = ProductCell.swift; sourceTree = "<group>"; };
		D29CB96C218780E200B9E617 /* AlertService.swift */ = {isa = PBXFileReference; lastKnownFileType = sourcecode.swift; path = AlertService.swift; sourceTree = "<group>"; };
/* End PBXFileReference section */

/* Begin PBXFrameworksBuildPhase section */
		D29CB9172187739A00B9E617 /* Frameworks */ = {
			isa = PBXFrameworksBuildPhase;
			buildActionMask = 2147483647;
			files = (
			);
			runOnlyForDeploymentPostprocessing = 0;
		};
/* End PBXFrameworksBuildPhase section */

/* Begin PBXGroup section */
		D29CB9112187739A00B9E617 = {
			isa = PBXGroup;
			children = (
				D29CB91C2187739A00B9E617 /* PushNotification_Firebase */,
				D29CB91B2187739A00B9E617 /* Products */,
			);
			sourceTree = "<group>";
		};
		D29CB91B2187739A00B9E617 /* Products */ = {
			isa = PBXGroup;
			children = (
				D29CB91A2187739A00B9E617 /* PushNotification_Firebase.app */,
			);
			name = Products;
			sourceTree = "<group>";
		};
		D29CB91C2187739A00B9E617 /* PushNotification_Firebase */ = {
			isa = PBXGroup;
			children = (
				D29CB96A218780C900B9E617 /* Service */,
				D29CB96521877D0600B9E617 /* View */,
				D29CB96221877CB100B9E617 /* Controller */,
				D29CB96121877CAB00B9E617 /* Model */,
				D29CB92F2187787C00B9E617 /* AppResources */,
				D29CB9212187739A00B9E617 /* Main.storyboard */,
				D29CB9242187739B00B9E617 /* Assets.xcassets */,
				D29CB9262187739B00B9E617 /* LaunchScreen.storyboard */,
				D29CB9292187739B00B9E617 /* Info.plist */,
			);
			path = PushNotification_Firebase;
			sourceTree = "<group>";
		};
		D29CB92F2187787C00B9E617 /* AppResources */ = {
			isa = PBXGroup;
			children = (
				D29CB95F21877C2200B9E617 /* hat.png */,
				D29CB9302187788900B9E617 /* App icon */,
			);
			path = AppResources;
			sourceTree = "<group>";
		};
		D29CB9302187788900B9E617 /* App icon */ = {
			isa = PBXGroup;
			children = (
				D29CB9312187789800B9E617 /* Icon-App-20x20@1x.png */,
				D29CB9332187789800B9E617 /* Icon-App-20x20@2x.png */,
				D29CB9362187789800B9E617 /* Icon-App-20x20@3x.png */,
				D29CB93F2187789900B9E617 /* Icon-App-29x29@1x.png */,
				D29CB9472187789A00B9E617 /* Icon-App-29x29@2x.png */,
				D29CB9412187789900B9E617 /* Icon-App-29x29@3x.png */,
				D29CB93B2187789900B9E617 /* Icon-App-40x40@1x.png */,
				D29CB93D2187789900B9E617 /* Icon-App-40x40@2x.png */,
				D29CB9322187789800B9E617 /* Icon-App-40x40@3x.png */,
				D29CB9452187789A00B9E617 /* Icon-App-57x57@1x.png */,
				D29CB9462187789A00B9E617 /* Icon-App-57x57@2x.png */,
				D29CB9392187789900B9E617 /* Icon-App-60x60@1x.png */,
				D29CB9402187789900B9E617 /* Icon-App-60x60@2x.png */,
				D29CB9432187789A00B9E617 /* Icon-App-60x60@3x.png */,
				D29CB9382187789900B9E617 /* Icon-App-72x72@1x.png */,
				D29CB9422187789900B9E617 /* Icon-App-72x72@2x.png */,
				D29CB93E2187789900B9E617 /* Icon-App-76x76@1x.png */,
				D29CB9342187789800B9E617 /* Icon-App-76x76@2x.png */,
				D29CB9352187789800B9E617 /* Icon-App-76x76@3x.png */,
				D29CB9442187789A00B9E617 /* Icon-App-83.5x83.5@2x.png */,
				D29CB93C2187789900B9E617 /* Icon-Small-50x50@1x.png */,
				D29CB9372187789800B9E617 /* Icon-Small-50x50@2x.png */,
				D29CB93A2187789900B9E617 /* ItunesArtwork@2x.png */,
			);
			path = "App icon";
			sourceTree = "<group>";
		};
		D29CB96121877CAB00B9E617 /* Model */ = {
			isa = PBXGroup;
			children = (
				D29CB96321877CC400B9E617 /* Product.swift */,
			);
			path = Model;
			sourceTree = "<group>";
		};
		D29CB96221877CB100B9E617 /* Controller */ = {
			isa = PBXGroup;
			children = (
				D29CB91D2187739A00B9E617 /* AppDelegate.swift */,
				D29CB91F2187739A00B9E617 /* ViewController.swift */,
			);
			path = Controller;
			sourceTree = "<group>";
		};
		D29CB96521877D0600B9E617 /* View */ = {
			isa = PBXGroup;
			children = (
				D29CB96821877D4E00B9E617 /* ProductCell.swift */,
			);
			path = View;
			sourceTree = "<group>";
		};
		D29CB96A218780C900B9E617 /* Service */ = {
			isa = PBXGroup;
			children = (
				D29CB96C218780E200B9E617 /* AlertService.swift */,
			);
			path = Service;
			sourceTree = "<group>";
		};
/* End PBXGroup section */

/* Begin PBXNativeTarget section */
		D29CB9192187739A00B9E617 /* PushNotification_Firebase */ = {
			isa = PBXNativeTarget;
			buildConfigurationList = D29CB92C2187739B00B9E617 /* Build configuration list for PBXNativeTarget "PushNotification_Firebase" */;
			buildPhases = (
				D29CB9162187739A00B9E617 /* Sources */,
				D29CB9172187739A00B9E617 /* Frameworks */,
				D29CB9182187739A00B9E617 /* Resources */,
			);
			buildRules = (
			);
			dependencies = (
			);
			name = PushNotification_Firebase;
			productName = PushNotification_Firebase;
			productReference = D29CB91A2187739A00B9E617 /* PushNotification_Firebase.app */;
			productType = "com.apple.product-type.application";
		};
/* End PBXNativeTarget section */

/* Begin PBXProject section */
		D29CB9122187739A00B9E617 /* Project object */ = {
			isa = PBXProject;
			attributes = {
				LastSwiftUpdateCheck = 1000;
				LastUpgradeCheck = 1000;
				ORGANIZATIONNAME = OneSignal;
				TargetAttributes = {
					D29CB9192187739A00B9E617 = {
						CreatedOnToolsVersion = 10.0;
					};
				};
			};
			buildConfigurationList = D29CB9152187739A00B9E617 /* Build configuration list for PBXProject "PushNotification_Firebase" */;
			compatibilityVersion = "Xcode 9.3";
			developmentRegion = en;
			hasScannedForEncodings = 0;
			knownRegions = (
				en,
				Base,
			);
			mainGroup = D29CB9112187739A00B9E617;
			productRefGroup = D29CB91B2187739A00B9E617 /* Products */;
			projectDirPath = "";
			projectRoot = "";
			targets = (
				D29CB9192187739A00B9E617 /* PushNotification_Firebase */,
			);
		};
/* End PBXProject section */

/* Begin PBXResourcesBuildPhase section */
		D29CB9182187739A00B9E617 /* Resources */ = {
			isa = PBXResourcesBuildPhase;
			buildActionMask = 2147483647;
			files = (
				D29CB95B2187789A00B9E617 /* Icon-App-83.5x83.5@2x.png in Resources */,
				D29CB9512187789A00B9E617 /* ItunesArtwork@2x.png in Resources */,
				D29CB9492187789A00B9E617 /* Icon-App-40x40@3x.png in Resources */,
				D29CB94C2187789A00B9E617 /* Icon-App-76x76@3x.png in Resources */,
				D29CB9282187739B00B9E617 /* LaunchScreen.storyboard in Resources */,
				D29CB95C2187789A00B9E617 /* Icon-App-57x57@1x.png in Resources */,
				D29CB94A2187789A00B9E617 /* Icon-App-20x20@2x.png in Resources */,
				D29CB95A2187789A00B9E617 /* Icon-App-60x60@3x.png in Resources */,
				D29CB95E2187789A00B9E617 /* Icon-App-29x29@2x.png in Resources */,
				D29CB9582187789A00B9E617 /* Icon-App-29x29@3x.png in Resources */,
				D29CB94B2187789A00B9E617 /* Icon-App-76x76@2x.png in Resources */,
				D29CB9542187789A00B9E617 /* Icon-App-40x40@2x.png in Resources */,
				D29CB9552187789A00B9E617 /* Icon-App-76x76@1x.png in Resources */,
				D29CB9572187789A00B9E617 /* Icon-App-60x60@2x.png in Resources */,
				D29CB94D2187789A00B9E617 /* Icon-App-20x20@3x.png in Resources */,
				D29CB96021877C2200B9E617 /* hat.png in Resources */,
				D29CB94E2187789A00B9E617 /* Icon-Small-50x50@2x.png in Resources */,
				D29CB9482187789A00B9E617 /* Icon-App-20x20@1x.png in Resources */,
				D29CB9592187789A00B9E617 /* Icon-App-72x72@2x.png in Resources */,
				D29CB95D2187789A00B9E617 /* Icon-App-57x57@2x.png in Resources */,
				D29CB9532187789A00B9E617 /* Icon-Small-50x50@1x.png in Resources */,
				D29CB9522187789A00B9E617 /* Icon-App-40x40@1x.png in Resources */,
				D29CB9252187739B00B9E617 /* Assets.xcassets in Resources */,
				D29CB9502187789A00B9E617 /* Icon-App-60x60@1x.png in Resources */,
				D29CB94F2187789A00B9E617 /* Icon-App-72x72@1x.png in Resources */,
				D29CB9232187739A00B9E617 /* Main.storyboard in Resources */,
				D29CB9562187789A00B9E617 /* Icon-App-29x29@1x.png in Resources */,
			);
			runOnlyForDeploymentPostprocessing = 0;
		};
/* End PBXResourcesBuildPhase section */

/* Begin PBXSourcesBuildPhase section */
		D29CB9162187739A00B9E617 /* Sources */ = {
			isa = PBXSourcesBuildPhase;
			buildActionMask = 2147483647;
			files = (
				D29CB9202187739A00B9E617 /* ViewController.swift in Sources */,
				D29CB96921877D4E00B9E617 /* ProductCell.swift in Sources */,
				D29CB91E2187739A00B9E617 /* AppDelegate.swift in Sources */,
				D29CB96421877CC400B9E617 /* Product.swift in Sources */,
				D29CB96D218780E200B9E617 /* AlertService.swift in Sources */,
			);
			runOnlyForDeploymentPostprocessing = 0;
		};
/* End PBXSourcesBuildPhase section */

/* Begin PBXVariantGroup section */
		D29CB9212187739A00B9E617 /* Main.storyboard */ = {
			isa = PBXVariantGroup;
			children = (
				D29CB9222187739A00B9E617 /* Base */,
			);
			name = Main.storyboard;
			sourceTree = "<group>";
		};
		D29CB9262187739B00B9E617 /* LaunchScreen.storyboard */ = {
			isa = PBXVariantGroup;
			children = (
				D29CB9272187739B00B9E617 /* Base */,
			);
			name = LaunchScreen.storyboard;
			sourceTree = "<group>";
		};
/* End PBXVariantGroup section */

/* Begin XCBuildConfiguration section */
		D29CB92A2187739B00B9E617 /* Debug */ = {
			isa = XCBuildConfiguration;
			buildSettings = {
				ALWAYS_SEARCH_USER_PATHS = NO;
				CLANG_ANALYZER_NONNULL = YES;
				CLANG_ANALYZER_NUMBER_OBJECT_CONVERSION = YES_AGGRESSIVE;
				CLANG_CXX_LANGUAGE_STANDARD = "gnu++14";
				CLANG_CXX_LIBRARY = "libc++";
				CLANG_ENABLE_MODULES = YES;
				CLANG_ENABLE_OBJC_ARC = YES;
				CLANG_ENABLE_OBJC_WEAK = YES;
				CLANG_WARN_BLOCK_CAPTURE_AUTORELEASING = YES;
				CLANG_WARN_BOOL_CONVERSION = YES;
				CLANG_WARN_COMMA = YES;
				CLANG_WARN_CONSTANT_CONVERSION = YES;
				CLANG_WARN_DEPRECATED_OBJC_IMPLEMENTATIONS = YES;
				CLANG_WARN_DIRECT_OBJC_ISA_USAGE = YES_ERROR;
				CLANG_WARN_DOCUMENTATION_COMMENTS = YES;
				CLANG_WARN_EMPTY_BODY = YES;
				CLANG_WARN_ENUM_CONVERSION = YES;
				CLANG_WARN_INFINITE_RECURSION = YES;
				CLANG_WARN_INT_CONVERSION = YES;
				CLANG_WARN_NON_LITERAL_NULL_CONVERSION = YES;
				CLANG_WARN_OBJC_IMPLICIT_RETAIN_SELF = YES;
				CLANG_WARN_OBJC_LITERAL_CONVERSION = YES;
				CLANG_WARN_OBJC_ROOT_CLASS = YES_ERROR;
				CLANG_WARN_RANGE_LOOP_ANALYSIS = YES;
				CLANG_WARN_STRICT_PROTOTYPES = YES;
				CLANG_WARN_SUSPICIOUS_MOVE = YES;
				CLANG_WARN_UNGUARDED_AVAILABILITY = YES_AGGRESSIVE;
				CLANG_WARN_UNREACHABLE_CODE = YES;
				CLANG_WARN__DUPLICATE_METHOD_MATCH = YES;
				CODE_SIGN_IDENTITY = "iPhone Developer";
				COPY_PHASE_STRIP = NO;
				DEBUG_INFORMATION_FORMAT = dwarf;
				ENABLE_STRICT_OBJC_MSGSEND = YES;
				ENABLE_TESTABILITY = YES;
				GCC_C_LANGUAGE_STANDARD = gnu11;
				GCC_DYNAMIC_NO_PIC = NO;
				GCC_NO_COMMON_BLOCKS = YES;
				GCC_OPTIMIZATION_LEVEL = 0;
				GCC_PREPROCESSOR_DEFINITIONS = (
					"DEBUG=1",
					"$(inherited)",
				);
				GCC_WARN_64_TO_32_BIT_CONVERSION = YES;
				GCC_WARN_ABOUT_RETURN_TYPE = YES_ERROR;
				GCC_WARN_UNDECLARED_SELECTOR = YES;
				GCC_WARN_UNINITIALIZED_AUTOS = YES_AGGRESSIVE;
				GCC_WARN_UNUSED_FUNCTION = YES;
				GCC_WARN_UNUSED_VARIABLE = YES;
				IPHONEOS_DEPLOYMENT_TARGET = 12.0;
				MTL_ENABLE_DEBUG_INFO = INCLUDE_SOURCE;
				MTL_FAST_MATH = YES;
				ONLY_ACTIVE_ARCH = YES;
				SDKROOT = iphoneos;
				SWIFT_ACTIVE_COMPILATION_CONDITIONS = DEBUG;
				SWIFT_OPTIMIZATION_LEVEL = "-Onone";
			};
			name = Debug;
		};
		D29CB92B2187739B00B9E617 /* Release */ = {
			isa = XCBuildConfiguration;
			buildSettings = {
				ALWAYS_SEARCH_USER_PATHS = NO;
				CLANG_ANALYZER_NONNULL = YES;
				CLANG_ANALYZER_NUMBER_OBJECT_CONVERSION = YES_AGGRESSIVE;
				CLANG_CXX_LANGUAGE_STANDARD = "gnu++14";
				CLANG_CXX_LIBRARY = "libc++";
				CLANG_ENABLE_MODULES = YES;
				CLANG_ENABLE_OBJC_ARC = YES;
				CLANG_ENABLE_OBJC_WEAK = YES;
				CLANG_WARN_BLOCK_CAPTURE_AUTORELEASING = YES;
				CLANG_WARN_BOOL_CONVERSION = YES;
				CLANG_WARN_COMMA = YES;
				CLANG_WARN_CONSTANT_CONVERSION = YES;
				CLANG_WARN_DEPRECATED_OBJC_IMPLEMENTATIONS = YES;
				CLANG_WARN_DIRECT_OBJC_ISA_USAGE = YES_ERROR;
				CLANG_WARN_DOCUMENTATION_COMMENTS = YES;
				CLANG_WARN_EMPTY_BODY = YES;
				CLANG_WARN_ENUM_CONVERSION = YES;
				CLANG_WARN_INFINITE_RECURSION = YES;
				CLANG_WARN_INT_CONVERSION = YES;
				CLANG_WARN_NON_LITERAL_NULL_CONVERSION = YES;
				CLANG_WARN_OBJC_IMPLICIT_RETAIN_SELF = YES;
				CLANG_WARN_OBJC_LITERAL_CONVERSION = YES;
				CLANG_WARN_OBJC_ROOT_CLASS = YES_ERROR;
				CLANG_WARN_RANGE_LOOP_ANALYSIS = YES;
				CLANG_WARN_STRICT_PROTOTYPES = YES;
				CLANG_WARN_SUSPICIOUS_MOVE = YES;
				CLANG_WARN_UNGUARDED_AVAILABILITY = YES_AGGRESSIVE;
				CLANG_WARN_UNREACHABLE_CODE = YES;
				CLANG_WARN__DUPLICATE_METHOD_MATCH = YES;
				CODE_SIGN_IDENTITY = "iPhone Developer";
				COPY_PHASE_STRIP = NO;
				DEBUG_INFORMATION_FORMAT = "dwarf-with-dsym";
				ENABLE_NS_ASSERTIONS = NO;
				ENABLE_STRICT_OBJC_MSGSEND = YES;
				GCC_C_LANGUAGE_STANDARD = gnu11;
				GCC_NO_COMMON_BLOCKS = YES;
				GCC_WARN_64_TO_32_BIT_CONVERSION = YES;
				GCC_WARN_ABOUT_RETURN_TYPE = YES_ERROR;
				GCC_WARN_UNDECLARED_SELECTOR = YES;
				GCC_WARN_UNINITIALIZED_AUTOS = YES_AGGRESSIVE;
				GCC_WARN_UNUSED_FUNCTION = YES;
				GCC_WARN_UNUSED_VARIABLE = YES;
				IPHONEOS_DEPLOYMENT_TARGET = 12.0;
				MTL_ENABLE_DEBUG_INFO = NO;
				MTL_FAST_MATH = YES;
				SDKROOT = iphoneos;
				SWIFT_COMPILATION_MODE = wholemodule;
				SWIFT_OPTIMIZATION_LEVEL = "-O";
				VALIDATE_PRODUCT = YES;
			};
			name = Release;
		};
		D29CB92D2187739B00B9E617 /* Debug */ = {
			isa = XCBuildConfiguration;
			buildSettings = {
				ASSETCATALOG_COMPILER_APPICON_NAME = AppIcon;
				CODE_SIGN_STYLE = Automatic;
				DEVELOPMENT_TEAM = 5279N8R9WZ;
				INFOPLIST_FILE = PushNotification_Firebase/Info.plist;
				LD_RUNPATH_SEARCH_PATHS = (
					"$(inherited)",
					"@executable_path/Frameworks",
				);
				PRODUCT_BUNDLE_IDENTIFIER = "com.NHTSOFT.PushNotification-Firebase";
				PRODUCT_NAME = "$(TARGET_NAME)";
				SWIFT_VERSION = 4.2;
				TARGETED_DEVICE_FAMILY = "1,2";
			};
			name = Debug;
		};
		D29CB92E2187739B00B9E617 /* Release */ = {
			isa = XCBuildConfiguration;
			buildSettings = {
				ASSETCATALOG_COMPILER_APPICON_NAME = AppIcon;
				CODE_SIGN_STYLE = Automatic;
				DEVELOPMENT_TEAM = 5279N8R9WZ;
				INFOPLIST_FILE = PushNotification_Firebase/Info.plist;
				LD_RUNPATH_SEARCH_PATHS = (
					"$(inherited)",
					"@executable_path/Frameworks",
				);
				PRODUCT_BUNDLE_IDENTIFIER = "com.NHTSOFT.PushNotification-Firebase";
				PRODUCT_NAME = "$(TARGET_NAME)";
				SWIFT_VERSION = 4.2;
				TARGETED_DEVICE_FAMILY = "1,2";
			};
			name = Release;
		};
/* End XCBuildConfiguration section */

/* Begin XCConfigurationList section */
		D29CB9152187739A00B9E617 /* Build configuration list for PBXProject "PushNotification_Firebase" */ = {
			isa = XCConfigurationList;
			buildConfigurations = (
				D29CB92A2187739B00B9E617 /* Debug */,
				D29CB92B2187739B00B9E617 /* Release */,
			);
			defaultConfigurationIsVisible = 0;
			defaultConfigurationName = Release;
		};
		D29CB92C2187739B00B9E617 /* Build configuration list for PBXNativeTarget "PushNotification_Firebase" */ = {
			isa = XCConfigurationList;
			buildConfigurations = (
				D29CB92D2187739B00B9E617 /* Debug */,
				D29CB92E2187739B00B9E617 /* Release */,
			);
			defaultConfigurationIsVisible = 0;
			defaultConfigurationName = Release;
		};
/* End XCConfigurationList section */
	};
	rootObject = D29CB9122187739A00B9E617 /* Project object */;
}
